
Microsoft Visual Studio Solution File, Format Version 12.00
# Visual Studio Version 16
VisualStudioVersion = 16.0.29201.188
MinimumVisualStudioVersion = 10.0.40219.1
Project("{FAE04EC0-301F-11D3-BF4B-00C04F79EFBC}") = "Goya Gestion", "Sistema Coki\Goya Gestion.csproj", "{07650E0B-865A-4DD4-A47D-13E1AE82326A}"
EndProject
Global
	GlobalSection(SolutionConfigurationPlatforms) = preSolution
		Debug|Any CPU = Debug|Any CPU
		Release|Any CPU = Release|Any CPU
	EndGlobalSection
	GlobalSection(ProjectConfigurationPlatforms) = postSolution
		{07650E0B-865A-4DD4-A47D-13E1AE82326A}.Debug|Any CPU.ActiveCfg = Debug|Any CPU
		{07650E0B-865A-4DD4-A47D-13E1AE82326A}.Debug|Any CPU.Build.0 = Debug|Any CPU
		{07650E0B-865A-4DD4-A47D-13E1AE82326A}.Release|Any CPU.ActiveCfg = Release|Any CPU
		{07650E0B-865A-4DD4-A47D-13E1AE82326A}.Release|Any CPU.Build.0 = Release|Any CPU
	EndGlobalSection
	GlobalSection(SolutionProperties) = preSolution
		HideSolutionNode = FALSE
	EndGlobalSection
	GlobalSection(ExtensibilityGlobals) = postSolution
		SolutionGuid = {095BD67D-EDDC-4ADC-A111-37B044437772}
	EndGlobalSection
EndGlobal
